
Microsoft Visual Studio Solution File, Format Version 12.00
# Visual Studio Version 16
VisualStudioVersion = 16.6.30114.105
MinimumVisualStudioVersion = 10.0.40219.1
Project("{9A19103F-16F7-4668-BE54-9A1E7A4F7556}") = "api", "api\api.csproj", "{FF2555E8-A2AC-44F4-9448-9E7A15DDCABD}"
EndProject
Project("{FAE04EC0-301F-11D3-BF4B-00C04F79EFBC}") = "service", "service\service.csproj", "{B7020C19-32CB-404D-B76F-DF29D52DB947}"
EndProject
Project("{FAE04EC0-301F-11D3-BF4B-00C04F79EFBC}") = "domain", "domain\domain.csproj", "{83EF7619-BA01-43F3-821B-A3A4972F6058}"
EndProject
Project("{FAE04EC0-301F-11D3-BF4B-00C04F79EFBC}") = "repository", "repository\repository.csproj", "{ED404A68-C36C-4E30-9B2E-4B590E531AA0}"
EndProject
Global
	GlobalSection(SolutionConfigurationPlatforms) = preSolution
		Debug|Any CPU = Debug|Any CPU
		Debug|x64 = Debug|x64
		Debug|x86 = Debug|x86
		Release|Any CPU = Release|Any CPU
		Release|x64 = Release|x64
		Release|x86 = Release|x86
	EndGlobalSection
	GlobalSection(ProjectConfigurationPlatforms) = postSolution
		{FF2555E8-A2AC-44F4-9448-9E7A15DDCABD}.Debug|Any CPU.ActiveCfg = Debug|Any CPU
		{FF2555E8-A2AC-44F4-9448-9E7A15DDCABD}.Debug|Any CPU.Build.0 = Debug|Any CPU
		{FF2555E8-A2AC-44F4-9448-9E7A15DDCABD}.Debug|x64.ActiveCfg = Debug|Any CPU
		{FF2555E8-A2AC-44F4-9448-9E7A15DDCABD}.Debug|x64.Build.0 = Debug|Any CPU
		{FF2555E8-A2AC-44F4-9448-9E7A15DDCABD}.Debug|x86.ActiveCfg = Debug|Any CPU
		{FF2555E8-A2AC-44F4-9448-9E7A15DDCABD}.Debug|x86.Build.0 = Debug|Any CPU
		{FF2555E8-A2AC-44F4-9448-9E7A15DDCABD}.Release|Any CPU.ActiveCfg = Release|Any CPU
		{FF2555E8-A2AC-44F4-9448-9E7A15DDCABD}.Release|Any CPU.Build.0 = Release|Any CPU
		{FF2555E8-A2AC-44F4-9448-9E7A15DDCABD}.Release|x64.ActiveCfg = Release|Any CPU
		{FF2555E8-A2AC-44F4-9448-9E7A15DDCABD}.Release|x64.Build.0 = Release|Any CPU
		{FF2555E8-A2AC-44F4-9448-9E7A15DDCABD}.Release|x86.ActiveCfg = Release|Any CPU
		{FF2555E8-A2AC-44F4-9448-9E7A15DDCABD}.Release|x86.Build.0 = Release|Any CPU
		{B7020C19-32CB-404D-B76F-DF29D52DB947}.Debug|Any CPU.ActiveCfg = Debug|Any CPU
		{B7020C19-32CB-404D-B76F-DF29D52DB947}.Debug|Any CPU.Build.0 = Debug|Any CPU
		{B7020C19-32CB-404D-B76F-DF29D52DB947}.Debug|x64.ActiveCfg = Debug|Any CPU
		{B7020C19-32CB-404D-B76F-DF29D52DB947}.Debug|x64.Build.0 = Debug|Any CPU
		{B7020C19-32CB-404D-B76F-DF29D52DB947}.Debug|x86.ActiveCfg = Debug|Any CPU
		{B7020C19-32CB-404D-B76F-DF29D52DB947}.Debug|x86.Build.0 = Debug|Any CPU
		{B7020C19-32CB-404D-B76F-DF29D52DB947}.Release|Any CPU.ActiveCfg = Release|Any CPU
		{B7020C19-32CB-404D-B76F-DF29D52DB947}.Release|Any CPU.Build.0 = Release|Any CPU
		{B7020C19-32CB-404D-B76F-DF29D52DB947}.Release|x64.ActiveCfg = Release|Any CPU
		{B7020C19-32CB-404D-B76F-DF29D52DB947}.Release|x64.Build.0 = Release|Any CPU
		{B7020C19-32CB-404D-B76F-DF29D52DB947}.Release|x86.ActiveCfg = Release|Any CPU
		{B7020C19-32CB-404D-B76F-DF29D52DB947}.Release|x86.Build.0 = Release|Any CPU
		{83EF7619-BA01-43F3-821B-A3A4972F6058}.Debug|Any CPU.ActiveCfg = Debug|Any CPU
		{83EF7619-BA01-43F3-821B-A3A4972F6058}.Debug|Any CPU.Build.0 = Debug|Any CPU
		{83EF7619-BA01-43F3-821B-A3A4972F6058}.Debug|x64.ActiveCfg = Debug|Any CPU
		{83EF7619-BA01-43F3-821B-A3A4972F6058}.Debug|x64.Build.0 = Debug|Any CPU
		{83EF7619-BA01-43F3-821B-A3A4972F6058}.Debug|x86.ActiveCfg = Debug|Any CPU
		{83EF7619-BA01-43F3-821B-A3A4972F6058}.Debug|x86.Build.0 = Debug|Any CPU
		{83EF7619-BA01-43F3-821B-A3A4972F6058}.Release|Any CPU.ActiveCfg = Release|Any CPU
		{83EF7619-BA01-43F3-821B-A3A4972F6058}.Release|Any CPU.Build.0 = Release|Any CPU
		{83EF7619-BA01-43F3-821B-A3A4972F6058}.Release|x64.ActiveCfg = Release|Any CPU
		{83EF7619-BA01-43F3-821B-A3A4972F6058}.Release|x64.Build.0 = Release|Any CPU
		{83EF7619-BA01-43F3-821B-A3A4972F6058}.Release|x86.ActiveCfg = Release|Any CPU
		{83EF7619-BA01-43F3-821B-A3A4972F6058}.Release|x86.Build.0 = Release|Any CPU
		{ED404A68-C36C-4E30-9B2E-4B590E531AA0}.Debug|Any CPU.ActiveCfg = Debug|Any CPU
		{ED404A68-C36C-4E30-9B2E-4B590E531AA0}.Debug|Any CPU.Build.0 = Debug|Any CPU
		{ED404A68-C36C-4E30-9B2E-4B590E531AA0}.Debug|x64.ActiveCfg = Debug|Any CPU
		{ED404A68-C36C-4E30-9B2E-4B590E531AA0}.Debug|x64.Build.0 = Debug|Any CPU
		{ED404A68-C36C-4E30-9B2E-4B590E531AA0}.Debug|x86.ActiveCfg = Debug|Any CPU
		{ED404A68-C36C-4E30-9B2E-4B590E531AA0}.Debug|x86.Build.0 = Debug|Any CPU
		{ED404A68-C36C-4E30-9B2E-4B590E531AA0}.Release|Any CPU.ActiveCfg = Release|Any CPU
		{ED404A68-C36C-4E30-9B2E-4B590E531AA0}.Release|Any CPU.Build.0 = Release|Any CPU
		{ED404A68-C36C-4E30-9B2E-4B590E531AA0}.Release|x64.ActiveCfg = Release|Any CPU
		{ED404A68-C36C-4E30-9B2E-4B590E531AA0}.Release|x64.Build.0 = Release|Any CPU
		{ED404A68-C36C-4E30-9B2E-4B590E531AA0}.Release|x86.ActiveCfg = Release|Any CPU
		{ED404A68-C36C-4E30-9B2E-4B590E531AA0}.Release|x86.Build.0 = Release|Any CPU
	EndGlobalSection
	GlobalSection(SolutionProperties) = preSolution
		HideSolutionNode = FALSE
	EndGlobalSection
	GlobalSection(ExtensibilityGlobals) = postSolution
		SolutionGuid = {EFBD0944-B8DE-4514-8BC5-83108E66D53E}
	EndGlobalSection
EndGlobal
